
Microsoft Visual Studio Solution File, Format Version 12.00
# Visual Studio Version 17
VisualStudioVersion = 17.7.34024.191
MinimumVisualStudioVersion = 10.0.40219.1
Project("{FAE04EC0-301F-11D3-BF4B-00C04F79EFBC}") = "ConsoleAppArrayAssignment", "ConsoleAppArrayAssignment.csproj", "{78B8AD84-61D7-45FF-BD0A-D7B73B67F114}"
EndProject
Global
	GlobalSection(SolutionConfigurationPlatforms) = preSolution
		Debug|Any CPU = Debug|Any CPU
		Release|Any CPU = Release|Any CPU
	EndGlobalSection
	GlobalSection(ProjectConfigurationPlatforms) = postSolution
		{78B8AD84-61D7-45FF-BD0A-D7B73B67F114}.Debug|Any CPU.ActiveCfg = Debug|Any CPU
		{78B8AD84-61D7-45FF-BD0A-D7B73B67F114}.Debug|Any CPU.Build.0 = Debug|Any CPU
		{78B8AD84-61D7-45FF-BD0A-D7B73B67F114}.Release|Any CPU.ActiveCfg = Release|Any CPU
		{78B8AD84-61D7-45FF-BD0A-D7B73B67F114}.Release|Any CPU.Build.0 = Release|Any CPU
	EndGlobalSection
	GlobalSection(SolutionProperties) = preSolution
		HideSolutionNode = FALSE
	EndGlobalSection
	GlobalSection(ExtensibilityGlobals) = postSolution
		SolutionGuid = {39B01177-2ABC-48BA-9F66-1AD5835C99DA}
	EndGlobalSection
EndGlobal
